
Microsoft Visual Studio Solution File, Format Version 12.00
# Visual Studio 15
VisualStudioVersion = 15.0.27130.2010
MinimumVisualStudioVersion = 10.0.40219.1
Project("{FAE04EC0-301F-11D3-BF4B-00C04F79EFBC}") = "OA.UI.Portal", "OA.UI.Portal\OA.UI.Portal.csproj", "{7E526CA0-5FF6-41E1-ADE6-DF9BFC38B7A2}"
EndProject
Project("{FAE04EC0-301F-11D3-BF4B-00C04F79EFBC}") = "OA.UI.Portal.Tests", "OA.UI.Portal.Tests\OA.UI.Portal.Tests.csproj", "{412996DB-2725-4E68-A5D1-D20C324F3323}"
EndProject
Project("{FAE04EC0-301F-11D3-BF4B-00C04F79EFBC}") = "OA.BLL", "OA.BLL\OA.BLL.csproj", "{BE0F069C-395A-45A3-A211-4512F6B590A3}"
EndProject
Project("{FAE04EC0-301F-11D3-BF4B-00C04F79EFBC}") = "OA.Common", "OA.Common\OA.Common.csproj", "{A06F3811-03D6-41B4-BDC8-473B6B2073BC}"
EndProject
Project("{FAE04EC0-301F-11D3-BF4B-00C04F79EFBC}") = "OA.EFDAL", "OA.EFDAL\OA.EFDAL.csproj", "{1C8D4066-E55B-498B-B672-F39BD79D4523}"
EndProject
Project("{FAE04EC0-301F-11D3-BF4B-00C04F79EFBC}") = "OA.Model", "OA.Model\OA.Model.csproj", "{5D75D7FC-61F4-4BD3-88FA-A74D53D616DC}"
EndProject
Project("{FAE04EC0-301F-11D3-BF4B-00C04F79EFBC}") = "OA.IDAL", "OA.IDAL\OA.IDAL.csproj", "{96BD5B6F-C215-428C-B49A-292592FFC978}"
EndProject
Project("{FAE04EC0-301F-11D3-BF4B-00C04F79EFBC}") = "OA.NHDAL", "OA.NHDAL\OA.NHDAL.csproj", "{551E8672-8D92-47E5-A1F6-27FEAE9CE2AF}"
EndProject
Project("{FAE04EC0-301F-11D3-BF4B-00C04F79EFBC}") = "OA.DALFactory", "OA.DALFactory\OA.DALFactory.csproj", "{3EBEBDCC-9C02-4E77-9F17-3FCF2C2EF7D5}"
EndProject
Project("{FAE04EC0-301F-11D3-BF4B-00C04F79EFBC}") = "OA.IBLL", "OA.IBLL\OA.IBLL.csproj", "{0D40B677-2ED3-41E7-A373-3410D22C2196}"
EndProject
Project("{2150E333-8FDC-42A3-9474-1A3956D46DE8}") = "DAL", "DAL", "{87EE5CEE-1B89-47CD-A40E-E6D6450503C0}"
EndProject
Project("{2150E333-8FDC-42A3-9474-1A3956D46DE8}") = "UI", "UI", "{64E2BADC-0160-4EE7-8D79-28E8A1F91958}"
EndProject
Project("{2150E333-8FDC-42A3-9474-1A3956D46DE8}") = "BLL", "BLL", "{EB15E429-8B49-4EA7-9EDC-379C50EA1D76}"
EndProject
Project("{2150E333-8FDC-42A3-9474-1A3956D46DE8}") = "Model", "Model", "{00253723-D3CD-4E5A-96A4-6500DC79E99C}"
EndProject
Project("{2150E333-8FDC-42A3-9474-1A3956D46DE8}") = "Common", "Common", "{90F81A78-55CC-44A1-9788-420DDAD197D1}"
EndProject
Project("{2150E333-8FDC-42A3-9474-1A3956D46DE8}") = "Test", "Test", "{58502DF1-54DC-4BD5-8AA1-0D954E73DA1E}"
EndProject
Project("{2150E333-8FDC-42A3-9474-1A3956D46DE8}") = "Demos", "Demos", "{A5493213-A955-4E82-9E5E-F01035BA2400}"
EndProject
Project("{FAE04EC0-301F-11D3-BF4B-00C04F79EFBC}") = "SpringNetDemo", "SpringNetDemo\SpringNetDemo.csproj", "{3D44CB8E-2B1B-4519-B52A-FC01B6BB0B98}"
EndProject
Project("{FAE04EC0-301F-11D3-BF4B-00C04F79EFBC}") = "Log4NetDemo", "Log4NetDemo\Log4NetDemo.csproj", "{ACBA05C5-0B6B-447F-ADA3-9AEA98F21ACF}"
EndProject
Project("{FAE04EC0-301F-11D3-BF4B-00C04F79EFBC}") = "MencacheDemo", "MencacheDemo\MencacheDemo.csproj", "{0BCCB8AB-C472-45BE-8813-A568AB6102BA}"
EndProject
Project("{FAE04EC0-301F-11D3-BF4B-00C04F79EFBC}") = "T4Demo", "T4Demo\T4Demo.csproj", "{E8BBBECB-0A8A-4A8A-8991-670C0FD5E5D9}"
EndProject
Project("{FAE04EC0-301F-11D3-BF4B-00C04F79EFBC}") = "WorkflowDemo", "WorkflowDemo\WorkflowDemo.csproj", "{6781BA82-390D-4344-AB59-C2A4C3628D5E}"
EndProject
Project("{FAE04EC0-301F-11D3-BF4B-00C04F79EFBC}") = "WFWinformDemo", "WFWinformDemo\WFWinformDemo.csproj", "{CA82D3B4-1CAD-4F5D-A51E-CA87E17C9013}"
EndProject
Project("{2150E333-8FDC-42A3-9474-1A3956D46DE8}") = "WorkFlow", "WorkFlow", "{718F5A71-BDB9-41BA-A8FC-5357D5BAEFF8}"
EndProject
Project("{FAE04EC0-301F-11D3-BF4B-00C04F79EFBC}") = "OA.WorkFlow", "OA.WorkFlow\OA.WorkFlow.csproj", "{EB7F12F2-B573-4BAB-AF8D-A65C745BDEC9}"
EndProject
Project("{FAE04EC0-301F-11D3-BF4B-00C04F79EFBC}") = "NhDemo", "NhDemo\NhDemo.csproj", "{F85311B4-060C-4498-9E6C-56FB0FEE5F63}"
EndProject
Project("{FAE04EC0-301F-11D3-BF4B-00C04F79EFBC}") = "SpringAOP", "SpringAOP\SpringAOP.csproj", "{32E408A6-6776-4C70-BBA5-FD21F7B93CC1}"
EndProject
Project("{FAE04EC0-301F-11D3-BF4B-00C04F79EFBC}") = "HTML5Demo", "HTML5Demo\HTML5Demo.csproj", "{A763545F-D737-4216-AA3E-B1A15F9C3298}"
EndProject
Project("{2150E333-8FDC-42A3-9474-1A3956D46DE8}") = "WCF", "WCF", "{040DE54D-9736-4505-9182-03171A9CB880}"
EndProject
Project("{FAE04EC0-301F-11D3-BF4B-00C04F79EFBC}") = "WCF.IBLL", "WCF.IBLL\WCF.IBLL.csproj", "{C88838A1-07A5-4127-A347-95DA544A049A}"
EndProject
Project("{FAE04EC0-301F-11D3-BF4B-00C04F79EFBC}") = "WCF.Model", "WCF.Model\WCF.Model.csproj", "{C5C5C4A9-46FC-4DF8-B0A2-EB511A3891B9}"
EndProject
Project("{FAE04EC0-301F-11D3-BF4B-00C04F79EFBC}") = "WCF.BLL", "WCF.BLL\WCF.BLL.csproj", "{6B3B6982-AE6D-4E35-A03E-059EB070DE34}"
EndProject
Project("{FAE04EC0-301F-11D3-BF4B-00C04F79EFBC}") = "WCFHost", "WCFHost\WCFHost.csproj", "{BA179B34-2829-442B-8DF5-6CD042FEAB4F}"
EndProject
Project("{FAE04EC0-301F-11D3-BF4B-00C04F79EFBC}") = "WCFClient", "WCFClient\WCFClient.csproj", "{7E59FF22-C61A-4CBA-BE81-DF0B20534836}"
EndProject
Project("{FAE04EC0-301F-11D3-BF4B-00C04F79EFBC}") = "WCFWeb", "WCFWeb\WCFWeb.csproj", "{ECECD341-3CC1-4669-A21B-3F8A2E9ABD3E}"
EndProject
Global
	GlobalSection(SolutionConfigurationPlatforms) = preSolution
		Debug|Any CPU = Debug|Any CPU
		Debug|ARM = Debug|ARM
		Debug|x64 = Debug|x64
		Debug|x86 = Debug|x86
		Release|Any CPU = Release|Any CPU
		Release|ARM = Release|ARM
		Release|x64 = Release|x64
		Release|x86 = Release|x86
	EndGlobalSection
	GlobalSection(ProjectConfigurationPlatforms) = postSolution
		{7E526CA0-5FF6-41E1-ADE6-DF9BFC38B7A2}.Debug|Any CPU.ActiveCfg = Debug|Any CPU
		{7E526CA0-5FF6-41E1-ADE6-DF9BFC38B7A2}.Debug|Any CPU.Build.0 = Debug|Any CPU
		{7E526CA0-5FF6-41E1-ADE6-DF9BFC38B7A2}.Debug|ARM.ActiveCfg = Debug|Any CPU
		{7E526CA0-5FF6-41E1-ADE6-DF9BFC38B7A2}.Debug|ARM.Build.0 = Debug|Any CPU
		{7E526CA0-5FF6-41E1-ADE6-DF9BFC38B7A2}.Debug|x64.ActiveCfg = Debug|Any CPU
		{7E526CA0-5FF6-41E1-ADE6-DF9BFC38B7A2}.Debug|x64.Build.0 = Debug|Any CPU
		{7E526CA0-5FF6-41E1-ADE6-DF9BFC38B7A2}.Debug|x86.ActiveCfg = Debug|Any CPU
		{7E526CA0-5FF6-41E1-ADE6-DF9BFC38B7A2}.Debug|x86.Build.0 = Debug|Any CPU
		{7E526CA0-5FF6-41E1-ADE6-DF9BFC38B7A2}.Release|Any CPU.ActiveCfg = Release|Any CPU
		{7E526CA0-5FF6-41E1-ADE6-DF9BFC38B7A2}.Release|Any CPU.Build.0 = Release|Any CPU
		{7E526CA0-5FF6-41E1-ADE6-DF9BFC38B7A2}.Release|ARM.ActiveCfg = Release|Any CPU
		{7E526CA0-5FF6-41E1-ADE6-DF9BFC38B7A2}.Release|ARM.Build.0 = Release|Any CPU
		{7E526CA0-5FF6-41E1-ADE6-DF9BFC38B7A2}.Release|x64.ActiveCfg = Release|Any CPU
		{7E526CA0-5FF6-41E1-ADE6-DF9BFC38B7A2}.Release|x64.Build.0 = Release|Any CPU
		{7E526CA0-5FF6-41E1-ADE6-DF9BFC38B7A2}.Release|x86.ActiveCfg = Release|Any CPU
		{7E526CA0-5FF6-41E1-ADE6-DF9BFC38B7A2}.Release|x86.Build.0 = Release|Any CPU
		{412996DB-2725-4E68-A5D1-D20C324F3323}.Debug|Any CPU.ActiveCfg = Debug|Any CPU
		{412996DB-2725-4E68-A5D1-D20C324F3323}.Debug|Any CPU.Build.0 = Debug|Any CPU
		{412996DB-2725-4E68-A5D1-D20C324F3323}.Debug|ARM.ActiveCfg = Debug|Any CPU
		{412996DB-2725-4E68-A5D1-D20C324F3323}.Debug|ARM.Build.0 = Debug|Any CPU
		{412996DB-2725-4E68-A5D1-D20C324F3323}.Debug|x64.ActiveCfg = Debug|Any CPU
		{412996DB-2725-4E68-A5D1-D20C324F3323}.Debug|x64.Build.0 = Debug|Any CPU
		{412996DB-2725-4E68-A5D1-D20C324F3323}.Debug|x86.ActiveCfg = Debug|Any CPU
		{412996DB-2725-4E68-A5D1-D20C324F3323}.Debug|x86.Build.0 = Debug|Any CPU
		{412996DB-2725-4E68-A5D1-D20C324F3323}.Release|Any CPU.ActiveCfg = Release|Any CPU
		{412996DB-2725-4E68-A5D1-D20C324F3323}.Release|Any CPU.Build.0 = Release|Any CPU
		{412996DB-2725-4E68-A5D1-D20C324F3323}.Release|ARM.ActiveCfg = Release|Any CPU
		{412996DB-2725-4E68-A5D1-D20C324F3323}.Release|ARM.Build.0 = Release|Any CPU
		{412996DB-2725-4E68-A5D1-D20C324F3323}.Release|x64.ActiveCfg = Release|Any CPU
		{412996DB-2725-4E68-A5D1-D20C324F3323}.Release|x64.Build.0 = Release|Any CPU
		{412996DB-2725-4E68-A5D1-D20C324F3323}.Release|x86.ActiveCfg = Release|Any CPU
		{412996DB-2725-4E68-A5D1-D20C324F3323}.Release|x86.Build.0 = Release|Any CPU
		{BE0F069C-395A-45A3-A211-4512F6B590A3}.Debug|Any CPU.ActiveCfg = Debug|Any CPU
		{BE0F069C-395A-45A3-A211-4512F6B590A3}.Debug|Any CPU.Build.0 = Debug|Any CPU
		{BE0F069C-395A-45A3-A211-4512F6B590A3}.Debug|ARM.ActiveCfg = Debug|Any CPU
		{BE0F069C-395A-45A3-A211-4512F6B590A3}.Debug|ARM.Build.0 = Debug|Any CPU
		{BE0F069C-395A-45A3-A211-4512F6B590A3}.Debug|x64.ActiveCfg = Debug|Any CPU
		{BE0F069C-395A-45A3-A211-4512F6B590A3}.Debug|x64.Build.0 = Debug|Any CPU
		{BE0F069C-395A-45A3-A211-4512F6B590A3}.Debug|x86.ActiveCfg = Debug|Any CPU
		{BE0F069C-395A-45A3-A211-4512F6B590A3}.Debug|x86.Build.0 = Debug|Any CPU
		{BE0F069C-395A-45A3-A211-4512F6B590A3}.Release|Any CPU.ActiveCfg = Release|Any CPU
		{BE0F069C-395A-45A3-A211-4512F6B590A3}.Release|Any CPU.Build.0 = Release|Any CPU
		{BE0F069C-395A-45A3-A211-4512F6B590A3}.Release|ARM.ActiveCfg = Release|Any CPU
		{BE0F069C-395A-45A3-A211-4512F6B590A3}.Release|ARM.Build.0 = Release|Any CPU
		{BE0F069C-395A-45A3-A211-4512F6B590A3}.Release|x64.ActiveCfg = Release|Any CPU
		{BE0F069C-395A-45A3-A211-4512F6B590A3}.Release|x64.Build.0 = Release|Any CPU
		{BE0F069C-395A-45A3-A211-4512F6B590A3}.Release|x86.ActiveCfg = Release|Any CPU
		{BE0F069C-395A-45A3-A211-4512F6B590A3}.Release|x86.Build.0 = Release|Any CPU
		{A06F3811-03D6-41B4-BDC8-473B6B2073BC}.Debug|Any CPU.ActiveCfg = Debug|Any CPU
		{A06F3811-03D6-41B4-BDC8-473B6B2073BC}.Debug|Any CPU.Build.0 = Debug|Any CPU
		{A06F3811-03D6-41B4-BDC8-473B6B2073BC}.Debug|ARM.ActiveCfg = Debug|Any CPU
		{A06F3811-03D6-41B4-BDC8-473B6B2073BC}.Debug|ARM.Build.0 = Debug|Any CPU
		{A06F3811-03D6-41B4-BDC8-473B6B2073BC}.Debug|x64.ActiveCfg = Debug|Any CPU
		{A06F3811-03D6-41B4-BDC8-473B6B2073BC}.Debug|x64.Build.0 = Debug|Any CPU
		{A06F3811-03D6-41B4-BDC8-473B6B2073BC}.Debug|x86.ActiveCfg = Debug|Any CPU
		{A06F3811-03D6-41B4-BDC8-473B6B2073BC}.Debug|x86.Build.0 = Debug|Any CPU
		{A06F3811-03D6-41B4-BDC8-473B6B2073BC}.Release|Any CPU.ActiveCfg = Release|Any CPU
		{A06F3811-03D6-41B4-BDC8-473B6B2073BC}.Release|Any CPU.Build.0 = Release|Any CPU
		{A06F3811-03D6-41B4-BDC8-473B6B2073BC}.Release|ARM.ActiveCfg = Release|Any CPU
		{A06F3811-03D6-41B4-BDC8-473B6B2073BC}.Release|ARM.Build.0 = Release|Any CPU
		{A06F3811-03D6-41B4-BDC8-473B6B2073BC}.Release|x64.ActiveCfg = Release|Any CPU
		{A06F3811-03D6-41B4-BDC8-473B6B2073BC}.Release|x64.Build.0 = Release|Any CPU
		{A06F3811-03D6-41B4-BDC8-473B6B2073BC}.Release|x86.ActiveCfg = Release|Any CPU
		{A06F3811-03D6-41B4-BDC8-473B6B2073BC}.Release|x86.Build.0 = Release|Any CPU
		{1C8D4066-E55B-498B-B672-F39BD79D4523}.Debug|Any CPU.ActiveCfg = Debug|Any CPU
		{1C8D4066-E55B-498B-B672-F39BD79D4523}.Debug|Any CPU.Build.0 = Debug|Any CPU
		{1C8D4066-E55B-498B-B672-F39BD79D4523}.Debug|ARM.ActiveCfg = Debug|Any CPU
		{1C8D4066-E55B-498B-B672-F39BD79D4523}.Debug|ARM.Build.0 = Debug|Any CPU
		{1C8D4066-E55B-498B-B672-F39BD79D4523}.Debug|x64.ActiveCfg = Debug|Any CPU
		{1C8D4066-E55B-498B-B672-F39BD79D4523}.Debug|x64.Build.0 = Debug|Any CPU
		{1C8D4066-E55B-498B-B672-F39BD79D4523}.Debug|x86.ActiveCfg = Debug|Any CPU
		{1C8D4066-E55B-498B-B672-F39BD79D4523}.Debug|x86.Build.0 = Debug|Any CPU
		{1C8D4066-E55B-498B-B672-F39BD79D4523}.Release|Any CPU.ActiveCfg = Release|Any CPU
		{1C8D4066-E55B-498B-B672-F39BD79D4523}.Release|Any CPU.Build.0 = Release|Any CPU
		{1C8D4066-E55B-498B-B672-F39BD79D4523}.Release|ARM.ActiveCfg = Release|Any CPU
		{1C8D4066-E55B-498B-B672-F39BD79D4523}.Release|ARM.Build.0 = Release|Any CPU
		{1C8D4066-E55B-498B-B672-F39BD79D4523}.Release|x64.ActiveCfg = Release|Any CPU
		{1C8D4066-E55B-498B-B672-F39BD79D4523}.Release|x64.Build.0 = Release|Any CPU
		{1C8D4066-E55B-498B-B672-F39BD79D4523}.Release|x86.ActiveCfg = Release|Any CPU
		{1C8D4066-E55B-498B-B672-F39BD79D4523}.Release|x86.Build.0 = Release|Any CPU
		{5D75D7FC-61F4-4BD3-88FA-A74D53D616DC}.Debug|Any CPU.ActiveCfg = Debug|Any CPU
		{5D75D7FC-61F4-4BD3-88FA-A74D53D616DC}.Debug|Any CPU.Build.0 = Debug|Any CPU
		{5D75D7FC-61F4-4BD3-88FA-A74D53D616DC}.Debug|ARM.ActiveCfg = Debug|Any CPU
		{5D75D7FC-61F4-4BD3-88FA-A74D53D616DC}.Debug|ARM.Build.0 = Debug|Any CPU
		{5D75D7FC-61F4-4BD3-88FA-A74D53D616DC}.Debug|x64.ActiveCfg = Debug|Any CPU
		{5D75D7FC-61F4-4BD3-88FA-A74D53D616DC}.Debug|x64.Build.0 = Debug|Any CPU
		{5D75D7FC-61F4-4BD3-88FA-A74D53D616DC}.Debug|x86.ActiveCfg = Debug|Any CPU
		{5D75D7FC-61F4-4BD3-88FA-A74D53D616DC}.Debug|x86.Build.0 = Debug|Any CPU
		{5D75D7FC-61F4-4BD3-88FA-A74D53D616DC}.Release|Any CPU.ActiveCfg = Release|Any CPU
		{5D75D7FC-61F4-4BD3-88FA-A74D53D616DC}.Release|Any CPU.Build.0 = Release|Any CPU
		{5D75D7FC-61F4-4BD3-88FA-A74D53D616DC}.Release|ARM.ActiveCfg = Release|Any CPU
		{5D75D7FC-61F4-4BD3-88FA-A74D53D616DC}.Release|ARM.Build.0 = Release|Any CPU
		{5D75D7FC-61F4-4BD3-88FA-A74D53D616DC}.Release|x64.ActiveCfg = Release|Any CPU
		{5D75D7FC-61F4-4BD3-88FA-A74D53D616DC}.Release|x64.Build.0 = Release|Any CPU
		{5D75D7FC-61F4-4BD3-88FA-A74D53D616DC}.Release|x86.ActiveCfg = Release|Any CPU
		{5D75D7FC-61F4-4BD3-88FA-A74D53D616DC}.Release|x86.Build.0 = Release|Any CPU
		{96BD5B6F-C215-428C-B49A-292592FFC978}.Debug|Any CPU.ActiveCfg = Debug|Any CPU
		{96BD5B6F-C215-428C-B49A-292592FFC978}.Debug|Any CPU.Build.0 = Debug|Any CPU
		{96BD5B6F-C215-428C-B49A-292592FFC978}.Debug|ARM.ActiveCfg = Debug|Any CPU
		{96BD5B6F-C215-428C-B49A-292592FFC978}.Debug|ARM.Build.0 = Debug|Any CPU
		{96BD5B6F-C215-428C-B49A-292592FFC978}.Debug|x64.ActiveCfg = Debug|Any CPU
		{96BD5B6F-C215-428C-B49A-292592FFC978}.Debug|x64.Build.0 = Debug|Any CPU
		{96BD5B6F-C215-428C-B49A-292592FFC978}.Debug|x86.ActiveCfg = Debug|Any CPU
		{96BD5B6F-C215-428C-B49A-292592FFC978}.Debug|x86.Build.0 = Debug|Any CPU
		{96BD5B6F-C215-428C-B49A-292592FFC978}.Release|Any CPU.ActiveCfg = Release|Any CPU
		{96BD5B6F-C215-428C-B49A-292592FFC978}.Release|Any CPU.Build.0 = Release|Any CPU
		{96BD5B6F-C215-428C-B49A-292592FFC978}.Release|ARM.ActiveCfg = Release|Any CPU
		{96BD5B6F-C215-428C-B49A-292592FFC978}.Release|ARM.Build.0 = Release|Any CPU
		{96BD5B6F-C215-428C-B49A-292592FFC978}.Release|x64.ActiveCfg = Release|Any CPU
		{96BD5B6F-C215-428C-B49A-292592FFC978}.Release|x64.Build.0 = Release|Any CPU
		{96BD5B6F-C215-428C-B49A-292592FFC978}.Release|x86.ActiveCfg = Release|Any CPU
		{96BD5B6F-C215-428C-B49A-292592FFC978}.Release|x86.Build.0 = Release|Any CPU
		{551E8672-8D92-47E5-A1F6-27FEAE9CE2AF}.Debug|Any CPU.ActiveCfg = Debug|Any CPU
		{551E8672-8D92-47E5-A1F6-27FEAE9CE2AF}.Debug|Any CPU.Build.0 = Debug|Any CPU
		{551E8672-8D92-47E5-A1F6-27FEAE9CE2AF}.Debug|ARM.ActiveCfg = Debug|Any CPU
		{551E8672-8D92-47E5-A1F6-27FEAE9CE2AF}.Debug|ARM.Build.0 = Debug|Any CPU
		{551E8672-8D92-47E5-A1F6-27FEAE9CE2AF}.Debug|x64.ActiveCfg = Debug|Any CPU
		{551E8672-8D92-47E5-A1F6-27FEAE9CE2AF}.Debug|x64.Build.0 = Debug|Any CPU
		{551E8672-8D92-47E5-A1F6-27FEAE9CE2AF}.Debug|x86.ActiveCfg = Debug|Any CPU
		{551E8672-8D92-47E5-A1F6-27FEAE9CE2AF}.Debug|x86.Build.0 = Debug|Any CPU
		{551E8672-8D92-47E5-A1F6-27FEAE9CE2AF}.Release|Any CPU.ActiveCfg = Release|Any CPU
		{551E8672-8D92-47E5-A1F6-27FEAE9CE2AF}.Release|Any CPU.Build.0 = Release|Any CPU
		{551E8672-8D92-47E5-A1F6-27FEAE9CE2AF}.Release|ARM.ActiveCfg = Release|Any CPU
		{551E8672-8D92-47E5-A1F6-27FEAE9CE2AF}.Release|ARM.Build.0 = Release|Any CPU
		{551E8672-8D92-47E5-A1F6-27FEAE9CE2AF}.Release|x64.ActiveCfg = Release|Any CPU
		{551E8672-8D92-47E5-A1F6-27FEAE9CE2AF}.Release|x64.Build.0 = Release|Any CPU
		{551E8672-8D92-47E5-A1F6-27FEAE9CE2AF}.Release|x86.ActiveCfg = Release|Any CPU
		{551E8672-8D92-47E5-A1F6-27FEAE9CE2AF}.Release|x86.Build.0 = Release|Any CPU
		{3EBEBDCC-9C02-4E77-9F17-3FCF2C2EF7D5}.Debug|Any CPU.ActiveCfg = Debug|Any CPU
		{3EBEBDCC-9C02-4E77-9F17-3FCF2C2EF7D5}.Debug|Any CPU.Build.0 = Debug|Any CPU
		{3EBEBDCC-9C02-4E77-9F17-3FCF2C2EF7D5}.Debug|ARM.ActiveCfg = Debug|Any CPU
		{3EBEBDCC-9C02-4E77-9F17-3FCF2C2EF7D5}.Debug|ARM.Build.0 = Debug|Any CPU
		{3EBEBDCC-9C02-4E77-9F17-3FCF2C2EF7D5}.Debug|x64.ActiveCfg = Debug|Any CPU
		{3EBEBDCC-9C02-4E77-9F17-3FCF2C2EF7D5}.Debug|x64.Build.0 = Debug|Any CPU
		{3EBEBDCC-9C02-4E77-9F17-3FCF2C2EF7D5}.Debug|x86.ActiveCfg = Debug|Any CPU
		{3EBEBDCC-9C02-4E77-9F17-3FCF2C2EF7D5}.Debug|x86.Build.0 = Debug|Any CPU
		{3EBEBDCC-9C02-4E77-9F17-3FCF2C2EF7D5}.Release|Any CPU.ActiveCfg = Release|Any CPU
		{3EBEBDCC-9C02-4E77-9F17-3FCF2C2EF7D5}.Release|Any CPU.Build.0 = Release|Any CPU
		{3EBEBDCC-9C02-4E77-9F17-3FCF2C2EF7D5}.Release|ARM.ActiveCfg = Release|Any CPU
		{3EBEBDCC-9C02-4E77-9F17-3FCF2C2EF7D5}.Release|ARM.Build.0 = Release|Any CPU
		{3EBEBDCC-9C02-4E77-9F17-3FCF2C2EF7D5}.Release|x64.ActiveCfg = Release|Any CPU
		{3EBEBDCC-9C02-4E77-9F17-3FCF2C2EF7D5}.Release|x64.Build.0 = Release|Any CPU
		{3EBEBDCC-9C02-4E77-9F17-3FCF2C2EF7D5}.Release|x86.ActiveCfg = Release|Any CPU
		{3EBEBDCC-9C02-4E77-9F17-3FCF2C2EF7D5}.Release|x86.Build.0 = Release|Any CPU
		{0D40B677-2ED3-41E7-A373-3410D22C2196}.Debug|Any CPU.ActiveCfg = Debug|Any CPU
		{0D40B677-2ED3-41E7-A373-3410D22C2196}.Debug|Any CPU.Build.0 = Debug|Any CPU
		{0D40B677-2ED3-41E7-A373-3410D22C2196}.Debug|ARM.ActiveCfg = Debug|Any CPU
		{0D40B677-2ED3-41E7-A373-3410D22C2196}.Debug|ARM.Build.0 = Debug|Any CPU
		{0D40B677-2ED3-41E7-A373-3410D22C2196}.Debug|x64.ActiveCfg = Debug|Any CPU
		{0D40B677-2ED3-41E7-A373-3410D22C2196}.Debug|x64.Build.0 = Debug|Any CPU
		{0D40B677-2ED3-41E7-A373-3410D22C2196}.Debug|x86.ActiveCfg = Debug|Any CPU
		{0D40B677-2ED3-41E7-A373-3410D22C2196}.Debug|x86.Build.0 = Debug|Any CPU
		{0D40B677-2ED3-41E7-A373-3410D22C2196}.Release|Any CPU.ActiveCfg = Release|Any CPU
		{0D40B677-2ED3-41E7-A373-3410D22C2196}.Release|Any CPU.Build.0 = Release|Any CPU
		{0D40B677-2ED3-41E7-A373-3410D22C2196}.Release|ARM.ActiveCfg = Release|Any CPU
		{0D40B677-2ED3-41E7-A373-3410D22C2196}.Release|ARM.Build.0 = Release|Any CPU
		{0D40B677-2ED3-41E7-A373-3410D22C2196}.Release|x64.ActiveCfg = Release|Any CPU
		{0D40B677-2ED3-41E7-A373-3410D22C2196}.Release|x64.Build.0 = Release|Any CPU
		{0D40B677-2ED3-41E7-A373-3410D22C2196}.Release|x86.ActiveCfg = Release|Any CPU
		{0D40B677-2ED3-41E7-A373-3410D22C2196}.Release|x86.Build.0 = Release|Any CPU
		{3D44CB8E-2B1B-4519-B52A-FC01B6BB0B98}.Debug|Any CPU.ActiveCfg = Debug|Any CPU
		{3D44CB8E-2B1B-4519-B52A-FC01B6BB0B98}.Debug|Any CPU.Build.0 = Debug|Any CPU
		{3D44CB8E-2B1B-4519-B52A-FC01B6BB0B98}.Debug|ARM.ActiveCfg = Debug|Any CPU
		{3D44CB8E-2B1B-4519-B52A-FC01B6BB0B98}.Debug|ARM.Build.0 = Debug|Any CPU
		{3D44CB8E-2B1B-4519-B52A-FC01B6BB0B98}.Debug|x64.ActiveCfg = Debug|Any CPU
		{3D44CB8E-2B1B-4519-B52A-FC01B6BB0B98}.Debug|x64.Build.0 = Debug|Any CPU
		{3D44CB8E-2B1B-4519-B52A-FC01B6BB0B98}.Debug|x86.ActiveCfg = Debug|Any CPU
		{3D44CB8E-2B1B-4519-B52A-FC01B6BB0B98}.Debug|x86.Build.0 = Debug|Any CPU
		{3D44CB8E-2B1B-4519-B52A-FC01B6BB0B98}.Release|Any CPU.ActiveCfg = Release|Any CPU
		{3D44CB8E-2B1B-4519-B52A-FC01B6BB0B98}.Release|Any CPU.Build.0 = Release|Any CPU
		{3D44CB8E-2B1B-4519-B52A-FC01B6BB0B98}.Release|ARM.ActiveCfg = Release|Any CPU
		{3D44CB8E-2B1B-4519-B52A-FC01B6BB0B98}.Release|ARM.Build.0 = Release|Any CPU
		{3D44CB8E-2B1B-4519-B52A-FC01B6BB0B98}.Release|x64.ActiveCfg = Release|Any CPU
		{3D44CB8E-2B1B-4519-B52A-FC01B6BB0B98}.Release|x64.Build.0 = Release|Any CPU
		{3D44CB8E-2B1B-4519-B52A-FC01B6BB0B98}.Release|x86.ActiveCfg = Release|Any CPU
		{3D44CB8E-2B1B-4519-B52A-FC01B6BB0B98}.Release|x86.Build.0 = Release|Any CPU
		{ACBA05C5-0B6B-447F-ADA3-9AEA98F21ACF}.Debug|Any CPU.ActiveCfg = Debug|Any CPU
		{ACBA05C5-0B6B-447F-ADA3-9AEA98F21ACF}.Debug|Any CPU.Build.0 = Debug|Any CPU
		{ACBA05C5-0B6B-447F-ADA3-9AEA98F21ACF}.Debug|ARM.ActiveCfg = Debug|Any CPU
		{ACBA05C5-0B6B-447F-ADA3-9AEA98F21ACF}.Debug|ARM.Build.0 = Debug|Any CPU
		{ACBA05C5-0B6B-447F-ADA3-9AEA98F21ACF}.Debug|x64.ActiveCfg = Debug|Any CPU
		{ACBA05C5-0B6B-447F-ADA3-9AEA98F21ACF}.Debug|x64.Build.0 = Debug|Any CPU
		{ACBA05C5-0B6B-447F-ADA3-9AEA98F21ACF}.Debug|x86.ActiveCfg = Debug|Any CPU
		{ACBA05C5-0B6B-447F-ADA3-9AEA98F21ACF}.Debug|x86.Build.0 = Debug|Any CPU
		{ACBA05C5-0B6B-447F-ADA3-9AEA98F21ACF}.Release|Any CPU.ActiveCfg = Release|Any CPU
		{ACBA05C5-0B6B-447F-ADA3-9AEA98F21ACF}.Release|Any CPU.Build.0 = Release|Any CPU
		{ACBA05C5-0B6B-447F-ADA3-9AEA98F21ACF}.Release|ARM.ActiveCfg = Release|Any CPU
		{ACBA05C5-0B6B-447F-ADA3-9AEA98F21ACF}.Release|ARM.Build.0 = Release|Any CPU
		{ACBA05C5-0B6B-447F-ADA3-9AEA98F21ACF}.Release|x64.ActiveCfg = Release|Any CPU
		{ACBA05C5-0B6B-447F-ADA3-9AEA98F21ACF}.Release|x64.Build.0 = Release|Any CPU
		{ACBA05C5-0B6B-447F-ADA3-9AEA98F21ACF}.Release|x86.ActiveCfg = Release|Any CPU
		{ACBA05C5-0B6B-447F-ADA3-9AEA98F21ACF}.Release|x86.Build.0 = Release|Any CPU
		{0BCCB8AB-C472-45BE-8813-A568AB6102BA}.Debug|Any CPU.ActiveCfg = Debug|Any CPU
		{0BCCB8AB-C472-45BE-8813-A568AB6102BA}.Debug|Any CPU.Build.0 = Debug|Any CPU
		{0BCCB8AB-C472-45BE-8813-A568AB6102BA}.Debug|ARM.ActiveCfg = Debug|Any CPU
		{0BCCB8AB-C472-45BE-8813-A568AB6102BA}.Debug|ARM.Build.0 = Debug|Any CPU
		{0BCCB8AB-C472-45BE-8813-A568AB6102BA}.Debug|x64.ActiveCfg = Debug|Any CPU
		{0BCCB8AB-C472-45BE-8813-A568AB6102BA}.Debug|x64.Build.0 = Debug|Any CPU
		{0BCCB8AB-C472-45BE-8813-A568AB6102BA}.Debug|x86.ActiveCfg = Debug|Any CPU
		{0BCCB8AB-C472-45BE-8813-A568AB6102BA}.Debug|x86.Build.0 = Debug|Any CPU
		{0BCCB8AB-C472-45BE-8813-A568AB6102BA}.Release|Any CPU.ActiveCfg = Release|Any CPU
		{0BCCB8AB-C472-45BE-8813-A568AB6102BA}.Release|Any CPU.Build.0 = Release|Any CPU
		{0BCCB8AB-C472-45BE-8813-A568AB6102BA}.Release|ARM.ActiveCfg = Release|Any CPU
		{0BCCB8AB-C472-45BE-8813-A568AB6102BA}.Release|ARM.Build.0 = Release|Any CPU
		{0BCCB8AB-C472-45BE-8813-A568AB6102BA}.Release|x64.ActiveCfg = Release|Any CPU
		{0BCCB8AB-C472-45BE-8813-A568AB6102BA}.Release|x64.Build.0 = Release|Any CPU
		{0BCCB8AB-C472-45BE-8813-A568AB6102BA}.Release|x86.ActiveCfg = Release|Any CPU
		{0BCCB8AB-C472-45BE-8813-A568AB6102BA}.Release|x86.Build.0 = Release|Any CPU
		{E8BBBECB-0A8A-4A8A-8991-670C0FD5E5D9}.Debug|Any CPU.ActiveCfg = Debug|Any CPU
		{E8BBBECB-0A8A-4A8A-8991-670C0FD5E5D9}.Debug|Any CPU.Build.0 = Debug|Any CPU
		{E8BBBECB-0A8A-4A8A-8991-670C0FD5E5D9}.Debug|ARM.ActiveCfg = Debug|Any CPU
		{E8BBBECB-0A8A-4A8A-8991-670C0FD5E5D9}.Debug|ARM.Build.0 = Debug|Any CPU
		{E8BBBECB-0A8A-4A8A-8991-670C0FD5E5D9}.Debug|x64.ActiveCfg = Debug|Any CPU
		{E8BBBECB-0A8A-4A8A-8991-670C0FD5E5D9}.Debug|x64.Build.0 = Debug|Any CPU
		{E8BBBECB-0A8A-4A8A-8991-670C0FD5E5D9}.Debug|x86.ActiveCfg = Debug|Any CPU
		{E8BBBECB-0A8A-4A8A-8991-670C0FD5E5D9}.Debug|x86.Build.0 = Debug|Any CPU
		{E8BBBECB-0A8A-4A8A-8991-670C0FD5E5D9}.Release|Any CPU.ActiveCfg = Release|Any CPU
		{E8BBBECB-0A8A-4A8A-8991-670C0FD5E5D9}.Release|Any CPU.Build.0 = Release|Any CPU
		{E8BBBECB-0A8A-4A8A-8991-670C0FD5E5D9}.Release|ARM.ActiveCfg = Release|Any CPU
		{E8BBBECB-0A8A-4A8A-8991-670C0FD5E5D9}.Release|ARM.Build.0 = Release|Any CPU
		{E8BBBECB-0A8A-4A8A-8991-670C0FD5E5D9}.Release|x64.ActiveCfg = Release|Any CPU
		{E8BBBECB-0A8A-4A8A-8991-670C0FD5E5D9}.Release|x64.Build.0 = Release|Any CPU
		{E8BBBECB-0A8A-4A8A-8991-670C0FD5E5D9}.Release|x86.ActiveCfg = Release|Any CPU
		{E8BBBECB-0A8A-4A8A-8991-670C0FD5E5D9}.Release|x86.Build.0 = Release|Any CPU
		{6781BA82-390D-4344-AB59-C2A4C3628D5E}.Debug|Any CPU.ActiveCfg = Debug|x86
		{6781BA82-390D-4344-AB59-C2A4C3628D5E}.Debug|ARM.ActiveCfg = Debug|x86
		{6781BA82-390D-4344-AB59-C2A4C3628D5E}.Debug|x64.ActiveCfg = Debug|x86
		{6781BA82-390D-4344-AB59-C2A4C3628D5E}.Debug|x86.ActiveCfg = Debug|x86
		{6781BA82-390D-4344-AB59-C2A4C3628D5E}.Debug|x86.Build.0 = Debug|x86
		{6781BA82-390D-4344-AB59-C2A4C3628D5E}.Release|Any CPU.ActiveCfg = Release|x86
		{6781BA82-390D-4344-AB59-C2A4C3628D5E}.Release|ARM.ActiveCfg = Release|x86
		{6781BA82-390D-4344-AB59-C2A4C3628D5E}.Release|x64.ActiveCfg = Release|x86
		{6781BA82-390D-4344-AB59-C2A4C3628D5E}.Release|x86.ActiveCfg = Release|x86
		{6781BA82-390D-4344-AB59-C2A4C3628D5E}.Release|x86.Build.0 = Release|x86
		{CA82D3B4-1CAD-4F5D-A51E-CA87E17C9013}.Debug|Any CPU.ActiveCfg = Debug|Any CPU
		{CA82D3B4-1CAD-4F5D-A51E-CA87E17C9013}.Debug|Any CPU.Build.0 = Debug|Any CPU
		{CA82D3B4-1CAD-4F5D-A51E-CA87E17C9013}.Debug|ARM.ActiveCfg = Debug|Any CPU
		{CA82D3B4-1CAD-4F5D-A51E-CA87E17C9013}.Debug|ARM.Build.0 = Debug|Any CPU
		{CA82D3B4-1CAD-4F5D-A51E-CA87E17C9013}.Debug|x64.ActiveCfg = Debug|Any CPU
		{CA82D3B4-1CAD-4F5D-A51E-CA87E17C9013}.Debug|x64.Build.0 = Debug|Any CPU
		{CA82D3B4-1CAD-4F5D-A51E-CA87E17C9013}.Debug|x86.ActiveCfg = Debug|Any CPU
		{CA82D3B4-1CAD-4F5D-A51E-CA87E17C9013}.Debug|x86.Build.0 = Debug|Any CPU
		{CA82D3B4-1CAD-4F5D-A51E-CA87E17C9013}.Release|Any CPU.ActiveCfg = Release|Any CPU
		{CA82D3B4-1CAD-4F5D-A51E-CA87E17C9013}.Release|Any CPU.Build.0 = Release|Any CPU
		{CA82D3B4-1CAD-4F5D-A51E-CA87E17C9013}.Release|ARM.ActiveCfg = Release|Any CPU
		{CA82D3B4-1CAD-4F5D-A51E-CA87E17C9013}.Release|ARM.Build.0 = Release|Any CPU
		{CA82D3B4-1CAD-4F5D-A51E-CA87E17C9013}.Release|x64.ActiveCfg = Release|Any CPU
		{CA82D3B4-1CAD-4F5D-A51E-CA87E17C9013}.Release|x64.Build.0 = Release|Any CPU
		{CA82D3B4-1CAD-4F5D-A51E-CA87E17C9013}.Release|x86.ActiveCfg = Release|Any CPU
		{CA82D3B4-1CAD-4F5D-A51E-CA87E17C9013}.Release|x86.Build.0 = Release|Any CPU
		{EB7F12F2-B573-4BAB-AF8D-A65C745BDEC9}.Debug|Any CPU.ActiveCfg = Debug|Any CPU
		{EB7F12F2-B573-4BAB-AF8D-A65C745BDEC9}.Debug|Any CPU.Build.0 = Debug|Any CPU
		{EB7F12F2-B573-4BAB-AF8D-A65C745BDEC9}.Debug|ARM.ActiveCfg = Debug|Any CPU
		{EB7F12F2-B573-4BAB-AF8D-A65C745BDEC9}.Debug|ARM.Build.0 = Debug|Any CPU
		{EB7F12F2-B573-4BAB-AF8D-A65C745BDEC9}.Debug|x64.ActiveCfg = Debug|Any CPU
		{EB7F12F2-B573-4BAB-AF8D-A65C745BDEC9}.Debug|x64.Build.0 = Debug|Any CPU
		{EB7F12F2-B573-4BAB-AF8D-A65C745BDEC9}.Debug|x86.ActiveCfg = Debug|Any CPU
		{EB7F12F2-B573-4BAB-AF8D-A65C745BDEC9}.Debug|x86.Build.0 = Debug|Any CPU
		{EB7F12F2-B573-4BAB-AF8D-A65C745BDEC9}.Release|Any CPU.ActiveCfg = Release|Any CPU
		{EB7F12F2-B573-4BAB-AF8D-A65C745BDEC9}.Release|Any CPU.Build.0 = Release|Any CPU
		{EB7F12F2-B573-4BAB-AF8D-A65C745BDEC9}.Release|ARM.ActiveCfg = Release|Any CPU
		{EB7F12F2-B573-4BAB-AF8D-A65C745BDEC9}.Release|ARM.Build.0 = Release|Any CPU
		{EB7F12F2-B573-4BAB-AF8D-A65C745BDEC9}.Release|x64.ActiveCfg = Release|Any CPU
		{EB7F12F2-B573-4BAB-AF8D-A65C745BDEC9}.Release|x64.Build.0 = Release|Any CPU
		{EB7F12F2-B573-4BAB-AF8D-A65C745BDEC9}.Release|x86.ActiveCfg = Release|Any CPU
		{EB7F12F2-B573-4BAB-AF8D-A65C745BDEC9}.Release|x86.Build.0 = Release|Any CPU
		{F85311B4-060C-4498-9E6C-56FB0FEE5F63}.Debug|Any CPU.ActiveCfg = Debug|Any CPU
		{F85311B4-060C-4498-9E6C-56FB0FEE5F63}.Debug|Any CPU.Build.0 = Debug|Any CPU
		{F85311B4-060C-4498-9E6C-56FB0FEE5F63}.Debug|ARM.ActiveCfg = Debug|Any CPU
		{F85311B4-060C-4498-9E6C-56FB0FEE5F63}.Debug|ARM.Build.0 = Debug|Any CPU
		{F85311B4-060C-4498-9E6C-56FB0FEE5F63}.Debug|x64.ActiveCfg = Debug|Any CPU
		{F85311B4-060C-4498-9E6C-56FB0FEE5F63}.Debug|x64.Build.0 = Debug|Any CPU
		{F85311B4-060C-4498-9E6C-56FB0FEE5F63}.Debug|x86.ActiveCfg = Debug|Any CPU
		{F85311B4-060C-4498-9E6C-56FB0FEE5F63}.Debug|x86.Build.0 = Debug|Any CPU
		{F85311B4-060C-4498-9E6C-56FB0FEE5F63}.Release|Any CPU.ActiveCfg = Release|Any CPU
		{F85311B4-060C-4498-9E6C-56FB0FEE5F63}.Release|Any CPU.Build.0 = Release|Any CPU
		{F85311B4-060C-4498-9E6C-56FB0FEE5F63}.Release|ARM.ActiveCfg = Release|Any CPU
		{F85311B4-060C-4498-9E6C-56FB0FEE5F63}.Release|ARM.Build.0 = Release|Any CPU
		{F85311B4-060C-4498-9E6C-56FB0FEE5F63}.Release|x64.ActiveCfg = Release|Any CPU
		{F85311B4-060C-4498-9E6C-56FB0FEE5F63}.Release|x64.Build.0 = Release|Any CPU
		{F85311B4-060C-4498-9E6C-56FB0FEE5F63}.Release|x86.ActiveCfg = Release|Any CPU
		{F85311B4-060C-4498-9E6C-56FB0FEE5F63}.Release|x86.Build.0 = Release|Any CPU
		{32E408A6-6776-4C70-BBA5-FD21F7B93CC1}.Debug|Any CPU.ActiveCfg = Debug|Any CPU
		{32E408A6-6776-4C70-BBA5-FD21F7B93CC1}.Debug|Any CPU.Build.0 = Debug|Any CPU
		{32E408A6-6776-4C70-BBA5-FD21F7B93CC1}.Debug|ARM.ActiveCfg = Debug|Any CPU
		{32E408A6-6776-4C70-BBA5-FD21F7B93CC1}.Debug|ARM.Build.0 = Debug|Any CPU
		{32E408A6-6776-4C70-BBA5-FD21F7B93CC1}.Debug|x64.ActiveCfg = Debug|Any CPU
		{32E408A6-6776-4C70-BBA5-FD21F7B93CC1}.Debug|x64.Build.0 = Debug|Any CPU
		{32E408A6-6776-4C70-BBA5-FD21F7B93CC1}.Debug|x86.ActiveCfg = Debug|Any CPU
		{32E408A6-6776-4C70-BBA5-FD21F7B93CC1}.Debug|x86.Build.0 = Debug|Any CPU
		{32E408A6-6776-4C70-BBA5-FD21F7B93CC1}.Release|Any CPU.ActiveCfg = Release|Any CPU
		{32E408A6-6776-4C70-BBA5-FD21F7B93CC1}.Release|Any CPU.Build.0 = Release|Any CPU
		{32E408A6-6776-4C70-BBA5-FD21F7B93CC1}.Release|ARM.ActiveCfg = Release|Any CPU
		{32E408A6-6776-4C70-BBA5-FD21F7B93CC1}.Release|ARM.Build.0 = Release|Any CPU
		{32E408A6-6776-4C70-BBA5-FD21F7B93CC1}.Release|x64.ActiveCfg = Release|Any CPU
		{32E408A6-6776-4C70-BBA5-FD21F7B93CC1}.Release|x64.Build.0 = Release|Any CPU
		{32E408A6-6776-4C70-BBA5-FD21F7B93CC1}.Release|x86.ActiveCfg = Release|Any CPU
		{32E408A6-6776-4C70-BBA5-FD21F7B93CC1}.Release|x86.Build.0 = Release|Any CPU
		{A763545F-D737-4216-AA3E-B1A15F9C3298}.Debug|Any CPU.ActiveCfg = Debug|Any CPU
		{A763545F-D737-4216-AA3E-B1A15F9C3298}.Debug|Any CPU.Build.0 = Debug|Any CPU
		{A763545F-D737-4216-AA3E-B1A15F9C3298}.Debug|ARM.ActiveCfg = Debug|Any CPU
		{A763545F-D737-4216-AA3E-B1A15F9C3298}.Debug|ARM.Build.0 = Debug|Any CPU
		{A763545F-D737-4216-AA3E-B1A15F9C3298}.Debug|x64.ActiveCfg = Debug|Any CPU
		{A763545F-D737-4216-AA3E-B1A15F9C3298}.Debug|x64.Build.0 = Debug|Any CPU
		{A763545F-D737-4216-AA3E-B1A15F9C3298}.Debug|x86.ActiveCfg = Debug|Any CPU
		{A763545F-D737-4216-AA3E-B1A15F9C3298}.Debug|x86.Build.0 = Debug|Any CPU
		{A763545F-D737-4216-AA3E-B1A15F9C3298}.Release|Any CPU.ActiveCfg = Release|Any CPU
		{A763545F-D737-4216-AA3E-B1A15F9C3298}.Release|Any CPU.Build.0 = Release|Any CPU
		{A763545F-D737-4216-AA3E-B1A15F9C3298}.Release|ARM.ActiveCfg = Release|Any CPU
		{A763545F-D737-4216-AA3E-B1A15F9C3298}.Release|ARM.Build.0 = Release|Any CPU
		{A763545F-D737-4216-AA3E-B1A15F9C3298}.Release|x64.ActiveCfg = Release|Any CPU
		{A763545F-D737-4216-AA3E-B1A15F9C3298}.Release|x64.Build.0 = Release|Any CPU
		{A763545F-D737-4216-AA3E-B1A15F9C3298}.Release|x86.ActiveCfg = Release|Any CPU
		{A763545F-D737-4216-AA3E-B1A15F9C3298}.Release|x86.Build.0 = Release|Any CPU
		{C88838A1-07A5-4127-A347-95DA544A049A}.Debug|Any CPU.ActiveCfg = Debug|Any CPU
		{C88838A1-07A5-4127-A347-95DA544A049A}.Debug|Any CPU.Build.0 = Debug|Any CPU
		{C88838A1-07A5-4127-A347-95DA544A049A}.Debug|ARM.ActiveCfg = Debug|Any CPU
		{C88838A1-07A5-4127-A347-95DA544A049A}.Debug|ARM.Build.0 = Debug|Any CPU
		{C88838A1-07A5-4127-A347-95DA544A049A}.Debug|x64.ActiveCfg = Debug|Any CPU
		{C88838A1-07A5-4127-A347-95DA544A049A}.Debug|x64.Build.0 = Debug|Any CPU
		{C88838A1-07A5-4127-A347-95DA544A049A}.Debug|x86.ActiveCfg = Debug|Any CPU
		{C88838A1-07A5-4127-A347-95DA544A049A}.Debug|x86.Build.0 = Debug|Any CPU
		{C88838A1-07A5-4127-A347-95DA544A049A}.Release|Any CPU.ActiveCfg = Release|Any CPU
		{C88838A1-07A5-4127-A347-95DA544A049A}.Release|Any CPU.Build.0 = Release|Any CPU
		{C88838A1-07A5-4127-A347-95DA544A049A}.Release|ARM.ActiveCfg = Release|Any CPU
		{C88838A1-07A5-4127-A347-95DA544A049A}.Release|ARM.Build.0 = Release|Any CPU
		{C88838A1-07A5-4127-A347-95DA544A049A}.Release|x64.ActiveCfg = Release|Any CPU
		{C88838A1-07A5-4127-A347-95DA544A049A}.Release|x64.Build.0 = Release|Any CPU
		{C88838A1-07A5-4127-A347-95DA544A049A}.Release|x86.ActiveCfg = Release|Any CPU
		{C88838A1-07A5-4127-A347-95DA544A049A}.Release|x86.Build.0 = Release|Any CPU
		{C5C5C4A9-46FC-4DF8-B0A2-EB511A3891B9}.Debug|Any CPU.ActiveCfg = Debug|Any CPU
		{C5C5C4A9-46FC-4DF8-B0A2-EB511A3891B9}.Debug|Any CPU.Build.0 = Debug|Any CPU
		{C5C5C4A9-46FC-4DF8-B0A2-EB511A3891B9}.Debug|ARM.ActiveCfg = Debug|Any CPU
		{C5C5C4A9-46FC-4DF8-B0A2-EB511A3891B9}.Debug|ARM.Build.0 = Debug|Any CPU
		{C5C5C4A9-46FC-4DF8-B0A2-EB511A3891B9}.Debug|x64.ActiveCfg = Debug|Any CPU
		{C5C5C4A9-46FC-4DF8-B0A2-EB511A3891B9}.Debug|x64.Build.0 = Debug|Any CPU
		{C5C5C4A9-46FC-4DF8-B0A2-EB511A3891B9}.Debug|x86.ActiveCfg = Debug|Any CPU
		{C5C5C4A9-46FC-4DF8-B0A2-EB511A3891B9}.Debug|x86.Build.0 = Debug|Any CPU
		{C5C5C4A9-46FC-4DF8-B0A2-EB511A3891B9}.Release|Any CPU.ActiveCfg = Release|Any CPU
		{C5C5C4A9-46FC-4DF8-B0A2-EB511A3891B9}.Release|Any CPU.Build.0 = Release|Any CPU
		{C5C5C4A9-46FC-4DF8-B0A2-EB511A3891B9}.Release|ARM.ActiveCfg = Release|Any CPU
		{C5C5C4A9-46FC-4DF8-B0A2-EB511A3891B9}.Release|ARM.Build.0 = Release|Any CPU
		{C5C5C4A9-46FC-4DF8-B0A2-EB511A3891B9}.Release|x64.ActiveCfg = Release|Any CPU
		{C5C5C4A9-46FC-4DF8-B0A2-EB511A3891B9}.Release|x64.Build.0 = Release|Any CPU
		{C5C5C4A9-46FC-4DF8-B0A2-EB511A3891B9}.Release|x86.ActiveCfg = Release|Any CPU
		{C5C5C4A9-46FC-4DF8-B0A2-EB511A3891B9}.Release|x86.Build.0 = Release|Any CPU
		{6B3B6982-AE6D-4E35-A03E-059EB070DE34}.Debug|Any CPU.ActiveCfg = Debug|Any CPU
		{6B3B6982-AE6D-4E35-A03E-059EB070DE34}.Debug|Any CPU.Build.0 = Debug|Any CPU
		{6B3B6982-AE6D-4E35-A03E-059EB070DE34}.Debug|ARM.ActiveCfg = Debug|Any CPU
		{6B3B6982-AE6D-4E35-A03E-059EB070DE34}.Debug|ARM.Build.0 = Debug|Any CPU
		{6B3B6982-AE6D-4E35-A03E-059EB070DE34}.Debug|x64.ActiveCfg = Debug|Any CPU
		{6B3B6982-AE6D-4E35-A03E-059EB070DE34}.Debug|x64.Build.0 = Debug|Any CPU
		{6B3B6982-AE6D-4E35-A03E-059EB070DE34}.Debug|x86.ActiveCfg = Debug|Any CPU
		{6B3B6982-AE6D-4E35-A03E-059EB070DE34}.Debug|x86.Build.0 = Debug|Any CPU
		{6B3B6982-AE6D-4E35-A03E-059EB070DE34}.Release|Any CPU.ActiveCfg = Release|Any CPU
		{6B3B6982-AE6D-4E35-A03E-059EB070DE34}.Release|Any CPU.Build.0 = Release|Any CPU
		{6B3B6982-AE6D-4E35-A03E-059EB070DE34}.Release|ARM.ActiveCfg = Release|Any CPU
		{6B3B6982-AE6D-4E35-A03E-059EB070DE34}.Release|ARM.Build.0 = Release|Any CPU
		{6B3B6982-AE6D-4E35-A03E-059EB070DE34}.Release|x64.ActiveCfg = Release|Any CPU
		{6B3B6982-AE6D-4E35-A03E-059EB070DE34}.Release|x64.Build.0 = Release|Any CPU
		{6B3B6982-AE6D-4E35-A03E-059EB070DE34}.Release|x86.ActiveCfg = Release|Any CPU
		{6B3B6982-AE6D-4E35-A03E-059EB070DE34}.Release|x86.Build.0 = Release|Any CPU
		{BA179B34-2829-442B-8DF5-6CD042FEAB4F}.Debug|Any CPU.ActiveCfg = Debug|Any CPU
		{BA179B34-2829-442B-8DF5-6CD042FEAB4F}.Debug|Any CPU.Build.0 = Debug|Any CPU
		{BA179B34-2829-442B-8DF5-6CD042FEAB4F}.Debug|ARM.ActiveCfg = Debug|Any CPU
		{BA179B34-2829-442B-8DF5-6CD042FEAB4F}.Debug|ARM.Build.0 = Debug|Any CPU
		{BA179B34-2829-442B-8DF5-6CD042FEAB4F}.Debug|x64.ActiveCfg = Debug|Any CPU
		{BA179B34-2829-442B-8DF5-6CD042FEAB4F}.Debug|x64.Build.0 = Debug|Any CPU
		{BA179B34-2829-442B-8DF5-6CD042FEAB4F}.Debug|x86.ActiveCfg = Debug|Any CPU
		{BA179B34-2829-442B-8DF5-6CD042FEAB4F}.Debug|x86.Build.0 = Debug|Any CPU
		{BA179B34-2829-442B-8DF5-6CD042FEAB4F}.Release|Any CPU.ActiveCfg = Release|Any CPU
		{BA179B34-2829-442B-8DF5-6CD042FEAB4F}.Release|Any CPU.Build.0 = Release|Any CPU
		{BA179B34-2829-442B-8DF5-6CD042FEAB4F}.Release|ARM.ActiveCfg = Release|Any CPU
		{BA179B34-2829-442B-8DF5-6CD042FEAB4F}.Release|ARM.Build.0 = Release|Any CPU
		{BA179B34-2829-442B-8DF5-6CD042FEAB4F}.Release|x64.ActiveCfg = Release|Any CPU
		{BA179B34-2829-442B-8DF5-6CD042FEAB4F}.Release|x64.Build.0 = Release|Any CPU
		{BA179B34-2829-442B-8DF5-6CD042FEAB4F}.Release|x86.ActiveCfg = Release|Any CPU
		{BA179B34-2829-442B-8DF5-6CD042FEAB4F}.Release|x86.Build.0 = Release|Any CPU
		{7E59FF22-C61A-4CBA-BE81-DF0B20534836}.Debug|Any CPU.ActiveCfg = Debug|Any CPU
		{7E59FF22-C61A-4CBA-BE81-DF0B20534836}.Debug|Any CPU.Build.0 = Debug|Any CPU
		{7E59FF22-C61A-4CBA-BE81-DF0B20534836}.Debug|ARM.ActiveCfg = Debug|Any CPU
		{7E59FF22-C61A-4CBA-BE81-DF0B20534836}.Debug|ARM.Build.0 = Debug|Any CPU
		{7E59FF22-C61A-4CBA-BE81-DF0B20534836}.Debug|x64.ActiveCfg = Debug|Any CPU
		{7E59FF22-C61A-4CBA-BE81-DF0B20534836}.Debug|x64.Build.0 = Debug|Any CPU
		{7E59FF22-C61A-4CBA-BE81-DF0B20534836}.Debug|x86.ActiveCfg = Debug|Any CPU
		{7E59FF22-C61A-4CBA-BE81-DF0B20534836}.Debug|x86.Build.0 = Debug|Any CPU
		{7E59FF22-C61A-4CBA-BE81-DF0B20534836}.Release|Any CPU.ActiveCfg = Release|Any CPU
		{7E59FF22-C61A-4CBA-BE81-DF0B20534836}.Release|Any CPU.Build.0 = Release|Any CPU
		{7E59FF22-C61A-4CBA-BE81-DF0B20534836}.Release|ARM.ActiveCfg = Release|Any CPU
		{7E59FF22-C61A-4CBA-BE81-DF0B20534836}.Release|ARM.Build.0 = Release|Any CPU
		{7E59FF22-C61A-4CBA-BE81-DF0B20534836}.Release|x64.ActiveCfg = Release|Any CPU
		{7E59FF22-C61A-4CBA-BE81-DF0B20534836}.Release|x64.Build.0 = Release|Any CPU
		{7E59FF22-C61A-4CBA-BE81-DF0B20534836}.Release|x86.ActiveCfg = Release|Any CPU
		{7E59FF22-C61A-4CBA-BE81-DF0B20534836}.Release|x86.Build.0 = Release|Any CPU
		{ECECD341-3CC1-4669-A21B-3F8A2E9ABD3E}.Debug|Any CPU.ActiveCfg = Debug|Any CPU
		{ECECD341-3CC1-4669-A21B-3F8A2E9ABD3E}.Debug|Any CPU.Build.0 = Debug|Any CPU
		{ECECD341-3CC1-4669-A21B-3F8A2E9ABD3E}.Debug|ARM.ActiveCfg = Debug|Any CPU
		{ECECD341-3CC1-4669-A21B-3F8A2E9ABD3E}.Debug|ARM.Build.0 = Debug|Any CPU
		{ECECD341-3CC1-4669-A21B-3F8A2E9ABD3E}.Debug|x64.ActiveCfg = Debug|Any CPU
		{ECECD341-3CC1-4669-A21B-3F8A2E9ABD3E}.Debug|x64.Build.0 = Debug|Any CPU
		{ECECD341-3CC1-4669-A21B-3F8A2E9ABD3E}.Debug|x86.ActiveCfg = Debug|Any CPU
		{ECECD341-3CC1-4669-A21B-3F8A2E9ABD3E}.Debug|x86.Build.0 = Debug|Any CPU
		{ECECD341-3CC1-4669-A21B-3F8A2E9ABD3E}.Release|Any CPU.ActiveCfg = Release|Any CPU
		{ECECD341-3CC1-4669-A21B-3F8A2E9ABD3E}.Release|Any CPU.Build.0 = Release|Any CPU
		{ECECD341-3CC1-4669-A21B-3F8A2E9ABD3E}.Release|ARM.ActiveCfg = Release|Any CPU
		{ECECD341-3CC1-4669-A21B-3F8A2E9ABD3E}.Release|ARM.Build.0 = Release|Any CPU
		{ECECD341-3CC1-4669-A21B-3F8A2E9ABD3E}.Release|x64.ActiveCfg = Release|Any CPU
		{ECECD341-3CC1-4669-A21B-3F8A2E9ABD3E}.Release|x64.Build.0 = Release|Any CPU
		{ECECD341-3CC1-4669-A21B-3F8A2E9ABD3E}.Release|x86.ActiveCfg = Release|Any CPU
		{ECECD341-3CC1-4669-A21B-3F8A2E9ABD3E}.Release|x86.Build.0 = Release|Any CPU
	EndGlobalSection
	GlobalSection(SolutionProperties) = preSolution
		HideSolutionNode = FALSE
	EndGlobalSection
	GlobalSection(NestedProjects) = preSolution
		{7E526CA0-5FF6-41E1-ADE6-DF9BFC38B7A2} = {64E2BADC-0160-4EE7-8D79-28E8A1F91958}
		{412996DB-2725-4E68-A5D1-D20C324F3323} = {58502DF1-54DC-4BD5-8AA1-0D954E73DA1E}
		{BE0F069C-395A-45A3-A211-4512F6B590A3} = {EB15E429-8B49-4EA7-9EDC-379C50EA1D76}
		{A06F3811-03D6-41B4-BDC8-473B6B2073BC} = {90F81A78-55CC-44A1-9788-420DDAD197D1}
		{1C8D4066-E55B-498B-B672-F39BD79D4523} = {87EE5CEE-1B89-47CD-A40E-E6D6450503C0}
		{5D75D7FC-61F4-4BD3-88FA-A74D53D616DC} = {00253723-D3CD-4E5A-96A4-6500DC79E99C}
		{96BD5B6F-C215-428C-B49A-292592FFC978} = {87EE5CEE-1B89-47CD-A40E-E6D6450503C0}
		{551E8672-8D92-47E5-A1F6-27FEAE9CE2AF} = {87EE5CEE-1B89-47CD-A40E-E6D6450503C0}
		{3EBEBDCC-9C02-4E77-9F17-3FCF2C2EF7D5} = {87EE5CEE-1B89-47CD-A40E-E6D6450503C0}
		{0D40B677-2ED3-41E7-A373-3410D22C2196} = {EB15E429-8B49-4EA7-9EDC-379C50EA1D76}
		{3D44CB8E-2B1B-4519-B52A-FC01B6BB0B98} = {A5493213-A955-4E82-9E5E-F01035BA2400}
		{ACBA05C5-0B6B-447F-ADA3-9AEA98F21ACF} = {A5493213-A955-4E82-9E5E-F01035BA2400}
		{0BCCB8AB-C472-45BE-8813-A568AB6102BA} = {A5493213-A955-4E82-9E5E-F01035BA2400}
		{E8BBBECB-0A8A-4A8A-8991-670C0FD5E5D9} = {A5493213-A955-4E82-9E5E-F01035BA2400}
		{6781BA82-390D-4344-AB59-C2A4C3628D5E} = {A5493213-A955-4E82-9E5E-F01035BA2400}
		{CA82D3B4-1CAD-4F5D-A51E-CA87E17C9013} = {A5493213-A955-4E82-9E5E-F01035BA2400}
		{EB7F12F2-B573-4BAB-AF8D-A65C745BDEC9} = {718F5A71-BDB9-41BA-A8FC-5357D5BAEFF8}
		{F85311B4-060C-4498-9E6C-56FB0FEE5F63} = {A5493213-A955-4E82-9E5E-F01035BA2400}
		{32E408A6-6776-4C70-BBA5-FD21F7B93CC1} = {A5493213-A955-4E82-9E5E-F01035BA2400}
		{A763545F-D737-4216-AA3E-B1A15F9C3298} = {A5493213-A955-4E82-9E5E-F01035BA2400}
		{C88838A1-07A5-4127-A347-95DA544A049A} = {040DE54D-9736-4505-9182-03171A9CB880}
		{C5C5C4A9-46FC-4DF8-B0A2-EB511A3891B9} = {040DE54D-9736-4505-9182-03171A9CB880}
		{6B3B6982-AE6D-4E35-A03E-059EB070DE34} = {040DE54D-9736-4505-9182-03171A9CB880}
		{BA179B34-2829-442B-8DF5-6CD042FEAB4F} = {040DE54D-9736-4505-9182-03171A9CB880}
		{7E59FF22-C61A-4CBA-BE81-DF0B20534836} = {040DE54D-9736-4505-9182-03171A9CB880}
		{ECECD341-3CC1-4669-A21B-3F8A2E9ABD3E} = {040DE54D-9736-4505-9182-03171A9CB880}
	EndGlobalSection
	GlobalSection(ExtensibilityGlobals) = postSolution
		SolutionGuid = {C541E4D0-4099-4E8E-9A78-802BC44BCA8E}
	EndGlobalSection
EndGlobal
